// !$*UTF8*$!
{
	archiveVersion = 1;
	classes = {
	};
	objectVersion = 46;
	objects = {

/* Begin PBXBuildFile section */
		AF3494E1F3B0E50B49C3BFDA /* Pods.framework in Frameworks */ = {isa = PBXBuildFile; fileRef = B35B756779344AD15CA28C69 /* Pods.framework */; };
		BB87BF9A1C29874700AAC0E4 /* PokeTableViewCell.swift in Sources */ = {isa = PBXBuildFile; fileRef = BB87BF991C29874700AAC0E4 /* PokeTableViewCell.swift */; };
		BBAFC70D1C297BBC00C6C539 /* AppDelegate.swift in Sources */ = {isa = PBXBuildFile; fileRef = BBAFC70C1C297BBC00C6C539 /* AppDelegate.swift */; };
		BBAFC70F1C297BBC00C6C539 /* ViewController.swift in Sources */ = {isa = PBXBuildFile; fileRef = BBAFC70E1C297BBC00C6C539 /* ViewController.swift */; };
		BBAFC7121C297BBC00C6C539 /* Main.storyboard in Resources */ = {isa = PBXBuildFile; fileRef = BBAFC7101C297BBC00C6C539 /* Main.storyboard */; };
		BBAFC7141C297BBC00C6C539 /* Assets.xcassets in Resources */ = {isa = PBXBuildFile; fileRef = BBAFC7131C297BBC00C6C539 /* Assets.xcassets */; };
		BBAFC7171C297BBC00C6C539 /* LaunchScreen.storyboard in Resources */ = {isa = PBXBuildFile; fileRef = BBAFC7151C297BBC00C6C539 /* LaunchScreen.storyboard */; };
/* End PBXBuildFile section */

/* Begin PBXFileReference section */
		84CD29D843214E7B754BE013 /* Pods.release.xcconfig */ = {isa = PBXFileReference; includeInIndex = 1; lastKnownFileType = text.xcconfig; name = Pods.release.xcconfig; path = "Pods/Target Support Files/Pods/Pods.release.xcconfig"; sourceTree = "<group>"; };
		B35B756779344AD15CA28C69 /* Pods.framework */ = {isa = PBXFileReference; explicitFileType = wrapper.framework; includeInIndex = 0; path = Pods.framework; sourceTree = BUILT_PRODUCTS_DIR; };
		BB87BF991C29874700AAC0E4 /* PokeTableViewCell.swift */ = {isa = PBXFileReference; fileEncoding = 4; lastKnownFileType = sourcecode.swift; path = PokeTableViewCell.swift; sourceTree = "<group>"; };
		BBAFC7091C297BBC00C6C539 /* FirebaseStringImagesTableView.app */ = {isa = PBXFileReference; explicitFileType = wrapper.application; includeInIndex = 0; path = FirebaseStringImagesTableView.app; sourceTree = BUILT_PRODUCTS_DIR; };
		BBAFC70C1C297BBC00C6C539 /* AppDelegate.swift */ = {isa = PBXFileReference; lastKnownFileType = sourcecode.swift; path = AppDelegate.swift; sourceTree = "<group>"; };
		BBAFC70E1C297BBC00C6C539 /* ViewController.swift */ = {isa = PBXFileReference; lastKnownFileType = sourcecode.swift; path = ViewController.swift; sourceTree = "<group>"; };
		BBAFC7111C297BBC00C6C539 /* Base */ = {isa = PBXFileReference; lastKnownFileType = file.storyboard; name = Base; path = Base.lproj/Main.storyboard; sourceTree = "<group>"; };
		BBAFC7131C297BBC00C6C539 /* Assets.xcassets */ = {isa = PBXFileReference; lastKnownFileType = folder.assetcatalog; path = Assets.xcassets; sourceTree = "<group>"; };
		BBAFC7161C297BBC00C6C539 /* Base */ = {isa = PBXFileReference; lastKnownFileType = file.storyboard; name = Base; path = Base.lproj/LaunchScreen.storyboard; sourceTree = "<group>"; };
		BBAFC7181C297BBC00C6C539 /* Info.plist */ = {isa = PBXFileReference; lastKnownFileType = text.plist.xml; path = Info.plist; sourceTree = "<group>"; };
		F3CD3E68DF74FF82C6EC5734 /* Pods.debug.xcconfig */ = {isa = PBXFileReference; includeInIndex = 1; lastKnownFileType = text.xcconfig; name = Pods.debug.xcconfig; path = "Pods/Target Support Files/Pods/Pods.debug.xcconfig"; sourceTree = "<group>"; };
/* End PBXFileReference section */

/* Begin PBXFrameworksBuildPhase section */
		BBAFC7061C297BBC00C6C539 /* Frameworks */ = {
			isa = PBXFrameworksBuildPhase;
			buildActionMask = 2147483647;
			files = (
				AF3494E1F3B0E50B49C3BFDA /* Pods.framework in Frameworks */,
			);
			runOnlyForDeploymentPostprocessing = 0;
		};
/* End PBXFrameworksBuildPhase section */

/* Begin PBXGroup section */
		48D2C14C7579132BF4089183 /* Pods */ = {
			isa = PBXGroup;
			children = (
				F3CD3E68DF74FF82C6EC5734 /* Pods.debug.xcconfig */,
				84CD29D843214E7B754BE013 /* Pods.release.xcconfig */,
			);
			name = Pods;
			sourceTree = "<group>";
		};
		BBAFC7001C297BBC00C6C539 = {
			isa = PBXGroup;
			children = (
				BBAFC70B1C297BBC00C6C539 /* FirebaseStringImagesTableView */,
				BBAFC70A1C297BBC00C6C539 /* Products */,
				48D2C14C7579132BF4089183 /* Pods */,
				DC54FA37592A5E0E36993D96 /* Frameworks */,
			);
			sourceTree = "<group>";
		};
		BBAFC70A1C297BBC00C6C539 /* Products */ = {
			isa = PBXGroup;
			children = (
				BBAFC7091C297BBC00C6C539 /* FirebaseStringImagesTableView.app */,
			);
			name = Products;
			sourceTree = "<group>";
		};
		BBAFC70B1C297BBC00C6C539 /* FirebaseStringImagesTableView */ = {
			isa = PBXGroup;
			children = (
				BBAFC70C1C297BBC00C6C539 /* AppDelegate.swift */,
				BBAFC70E1C297BBC00C6C539 /* ViewController.swift */,
				BBAFC7101C297BBC00C6C539 /* Main.storyboard */,
				BBAFC7131C297BBC00C6C539 /* Assets.xcassets */,
				BBAFC7151C297BBC00C6C539 /* LaunchScreen.storyboard */,
				BBAFC7181C297BBC00C6C539 /* Info.plist */,
				BB87BF991C29874700AAC0E4 /* PokeTableViewCell.swift */,
			);
			path = FirebaseStringImagesTableView;
			sourceTree = "<group>";
		};
		DC54FA37592A5E0E36993D96 /* Frameworks */ = {
			isa = PBXGroup;
			children = (
				B35B756779344AD15CA28C69 /* Pods.framework */,
			);
			name = Frameworks;
			sourceTree = "<group>";
		};
/* End PBXGroup section */

/* Begin PBXNativeTarget section */
		BBAFC7081C297BBC00C6C539 /* FirebaseStringImagesTableView */ = {
			isa = PBXNativeTarget;
			buildConfigurationList = BBAFC71B1C297BBC00C6C539 /* Build configuration list for PBXNativeTarget "FirebaseStringImagesTableView" */;
			buildPhases = (
				750DBBF8123908C7F5A8AD7D /* Check Pods Manifest.lock */,
				BBAFC7051C297BBC00C6C539 /* Sources */,
				BBAFC7061C297BBC00C6C539 /* Frameworks */,
				BBAFC7071C297BBC00C6C539 /* Resources */,
				446EA479A0125447EC9CFDEC /* Embed Pods Frameworks */,
				CF8143FEF1A6797D0DB67607 /* Copy Pods Resources */,
			);
			buildRules = (
			);
			dependencies = (
			);
			name = FirebaseStringImagesTableView;
			productName = FirebaseStringImagesTableView;
			productReference = BBAFC7091C297BBC00C6C539 /* FirebaseStringImagesTableView.app */;
			productType = "com.apple.product-type.application";
		};
/* End PBXNativeTarget section */

/* Begin PBXProject section */
		BBAFC7011C297BBC00C6C539 /* Project object */ = {
			isa = PBXProject;
			attributes = {
				LastUpgradeCheck = 0700;
				ORGANIZATIONNAME = firebase;
				TargetAttributes = {
					BBAFC7081C297BBC00C6C539 = {
						CreatedOnToolsVersion = 7.0;
					};
				};
			};
			buildConfigurationList = BBAFC7041C297BBC00C6C539 /* Build configuration list for PBXProject "FirebaseStringImagesTableView" */;
			compatibilityVersion = "Xcode 3.2";
			developmentRegion = English;
			hasScannedForEncodings = 0;
			knownRegions = (
				en,
				Base,
			);
			mainGroup = BBAFC7001C297BBC00C6C539;
			productRefGroup = BBAFC70A1C297BBC00C6C539 /* Products */;
			projectDirPath = "";
			projectRoot = "";
			targets = (
				BBAFC7081C297BBC00C6C539 /* FirebaseStringImagesTableView */,
			);
		};
/* End PBXProject section */

/* Begin PBXResourcesBuildPhase section */
		BBAFC7071C297BBC00C6C539 /* Resources */ = {
			isa = PBXResourcesBuildPhase;
			buildActionMask = 2147483647;
			files = (
				BBAFC7171C297BBC00C6C539 /* LaunchScreen.storyboard in Resources */,
				BBAFC7141C297BBC00C6C539 /* Assets.xcassets in Resources */,
				BBAFC7121C297BBC00C6C539 /* Main.storyboard in Resources */,
			);
			runOnlyForDeploymentPostprocessing = 0;
		};
/* End PBXResourcesBuildPhase section */

/* Begin PBXShellScriptBuildPhase section */
		446EA479A0125447EC9CFDEC /* Embed Pods Frameworks */ = {
			isa = PBXShellScriptBuildPhase;
			buildActionMask = 2147483647;
			files = (
			);
			inputPaths = (
			);
			name = "Embed Pods Frameworks";
			outputPaths = (
			);
			runOnlyForDeploymentPostprocessing = 0;
			shellPath = /bin/sh;
			shellScript = "\"${SRCROOT}/Pods/Target Support Files/Pods/Pods-frameworks.sh\"\n";
			showEnvVarsInLog = 0;
		};
		750DBBF8123908C7F5A8AD7D /* Check Pods Manifest.lock */ = {
			isa = PBXShellScriptBuildPhase;
			buildActionMask = 2147483647;
			files = (
			);
			inputPaths = (
			);
			name = "Check Pods Manifest.lock";
			outputPaths = (
			);
			runOnlyForDeploymentPostprocessing = 0;
			shellPath = /bin/sh;
			shellScript = "diff \"${PODS_ROOT}/../Podfile.lock\" \"${PODS_ROOT}/Manifest.lock\" > /dev/null\nif [[ $? != 0 ]] ; then\n    cat << EOM\nerror: The sandbox is not in sync with the Podfile.lock. Run 'pod install' or update your CocoaPods installation.\nEOM\n    exit 1\nfi\n";
			showEnvVarsInLog = 0;
		};
		CF8143FEF1A6797D0DB67607 /* Copy Pods Resources */ = {
			isa = PBXShellScriptBuildPhase;
			buildActionMask = 2147483647;
			files = (
			);
			inputPaths = (
			);
			name = "Copy Pods Resources";
			outputPaths = (
			);
			runOnlyForDeploymentPostprocessing = 0;
			shellPath = /bin/sh;
			shellScript = "\"${SRCROOT}/Pods/Target Support Files/Pods/Pods-resources.sh\"\n";
			showEnvVarsInLog = 0;
		};
/* End PBXShellScriptBuildPhase section */

/* Begin PBXSourcesBuildPhase section */
		BBAFC7051C297BBC00C6C539 /* Sources */ = {
			isa = PBXSourcesBuildPhase;
			buildActionMask = 2147483647;
			files = (
				BB87BF9A1C29874700AAC0E4 /* PokeTableViewCell.swift in Sources */,
				BBAFC70F1C297BBC00C6C539 /* ViewController.swift in Sources */,
				BBAFC70D1C297BBC00C6C539 /* AppDelegate.swift in Sources */,
			);
			runOnlyForDeploymentPostprocessing = 0;
		};
/* End PBXSourcesBuildPhase section */

/* Begin PBXVariantGroup section */
		BBAFC7101C297BBC00C6C539 /* Main.storyboard */ = {
			isa = PBXVariantGroup;
			children = (
				BBAFC7111C297BBC00C6C539 /* Base */,
			);
			name = Main.storyboard;
			sourceTree = "<group>";
		};
		BBAFC7151C297BBC00C6C539 /* LaunchScreen.storyboard */ = {
			isa = PBXVariantGroup;
			children = (
				BBAFC7161C297BBC00C6C539 /* Base */,
			);
			name = LaunchScreen.storyboard;
			sourceTree = "<group>";
		};
/* End PBXVariantGroup section */

/* Begin XCBuildConfiguration section */
		BBAFC7191C297BBC00C6C539 /* Debug */ = {
			isa = XCBuildConfiguration;
			buildSettings = {
				ALWAYS_SEARCH_USER_PATHS = NO;
				CLANG_CXX_LANGUAGE_STANDARD = "gnu++0x";
				CLANG_CXX_LIBRARY = "libc++";
				CLANG_ENABLE_MODULES = YES;
				CLANG_ENABLE_OBJC_ARC = YES;
				CLANG_WARN_BOOL_CONVERSION = YES;
				CLANG_WARN_CONSTANT_CONVERSION = YES;
				CLANG_WARN_DIRECT_OBJC_ISA_USAGE = YES_ERROR;
				CLANG_WARN_EMPTY_BODY = YES;
				CLANG_WARN_ENUM_CONVERSION = YES;
				CLANG_WARN_INT_CONVERSION = YES;
				CLANG_WARN_OBJC_ROOT_CLASS = YES_ERROR;
				CLANG_WARN_UNREACHABLE_CODE = YES;
				CLANG_WARN__DUPLICATE_METHOD_MATCH = YES;
				"CODE_SIGN_IDENTITY[sdk=iphoneos*]" = "iPhone Developer";
				COPY_PHASE_STRIP = NO;
				DEBUG_INFORMATION_FORMAT = dwarf;
				ENABLE_STRICT_OBJC_MSGSEND = YES;
				ENABLE_TESTABILITY = YES;
				GCC_C_LANGUAGE_STANDARD = gnu99;
				GCC_DYNAMIC_NO_PIC = NO;
				GCC_NO_COMMON_BLOCKS = YES;
				GCC_OPTIMIZATION_LEVEL = 0;
				GCC_PREPROCESSOR_DEFINITIONS = (
					"DEBUG=1",
					"$(inherited)",
				);
				GCC_WARN_64_TO_32_BIT_CONVERSION = YES;
				GCC_WARN_ABOUT_RETURN_TYPE = YES_ERROR;
				GCC_WARN_UNDECLARED_SELECTOR = YES;
				GCC_WARN_UNINITIALIZED_AUTOS = YES_AGGRESSIVE;
				GCC_WARN_UNUSED_FUNCTION = YES;
				GCC_WARN_UNUSED_VARIABLE = YES;
				IPHONEOS_DEPLOYMENT_TARGET = 9.0;
				MTL_ENABLE_DEBUG_INFO = YES;
				ONLY_ACTIVE_ARCH = YES;
				SDKROOT = iphoneos;
				SWIFT_OPTIMIZATION_LEVEL = "-Onone";
			};
			name = Debug;
		};
		BBAFC71A1C297BBC00C6C539 /* Release */ = {
			isa = XCBuildConfiguration;
			buildSettings = {
				ALWAYS_SEARCH_USER_PATHS = NO;
				CLANG_CXX_LANGUAGE_STANDARD = "gnu++0x";
				CLANG_CXX_LIBRARY = "libc++";
				CLANG_ENABLE_MODULES = YES;
				CLANG_ENABLE_OBJC_ARC = YES;
				CLANG_WARN_BOOL_CONVERSION = YES;
				CLANG_WARN_CONSTANT_CONVERSION = YES;
				CLANG_WARN_DIRECT_OBJC_ISA_USAGE = YES_ERROR;
				CLANG_WARN_EMPTY_BODY = YES;
				CLANG_WARN_ENUM_CONVERSION = YES;
				CLANG_WARN_INT_CONVERSION = YES;
				CLANG_WARN_OBJC_ROOT_CLASS = YES_ERROR;
				CLANG_WARN_UNREACHABLE_CODE = YES;
				CLANG_WARN__DUPLICATE_METHOD_MATCH = YES;
				"CODE_SIGN_IDENTITY[sdk=iphoneos*]" = "iPhone Developer";
				COPY_PHASE_STRIP = NO;
				DEBUG_INFORMATION_FORMAT = "dwarf-with-dsym";
				ENABLE_NS_ASSERTIONS = NO;
				ENABLE_STRICT_OBJC_MSGSEND = YES;
				GCC_C_LANGUAGE_STANDARD = gnu99;
				GCC_NO_COMMON_BLOCKS = YES;
				GCC_WARN_64_TO_32_BIT_CONVERSION = YES;
				GCC_WARN_ABOUT_RETURN_TYPE = YES_ERROR;
				GCC_WARN_UNDECLARED_SELECTOR = YES;
				GCC_WARN_UNINITIALIZED_AUTOS = YES_AGGRESSIVE;
				GCC_WARN_UNUSED_FUNCTION = YES;
				GCC_WARN_UNUSED_VARIABLE = YES;
				IPHONEOS_DEPLOYMENT_TARGET = 9.0;
				MTL_ENABLE_DEBUG_INFO = NO;
				SDKROOT = iphoneos;
				VALIDATE_PRODUCT = YES;
			};
			name = Release;
		};
		BBAFC71C1C297BBC00C6C539 /* Debug */ = {
			isa = XCBuildConfiguration;
			baseConfigurationReference = F3CD3E68DF74FF82C6EC5734 /* Pods.debug.xcconfig */;
			buildSettings = {
				ASSETCATALOG_COMPILER_APPICON_NAME = AppIcon;
				INFOPLIST_FILE = FirebaseStringImagesTableView/Info.plist;
				LD_RUNPATH_SEARCH_PATHS = "$(inherited) @executable_path/Frameworks";
				PRODUCT_BUNDLE_IDENTIFIER = com.firebase.FirebaseStringImagesTableView;
				PRODUCT_NAME = "$(TARGET_NAME)";
			};
			name = Debug;
		};
		BBAFC71D1C297BBC00C6C539 /* Release */ = {
			isa = XCBuildConfiguration;
			baseConfigurationReference = 84CD29D843214E7B754BE013 /* Pods.release.xcconfig */;
			buildSettings = {
				ASSETCATALOG_COMPILER_APPICON_NAME = AppIcon;
				INFOPLIST_FILE = FirebaseStringImagesTableView/Info.plist;
				LD_RUNPATH_SEARCH_PATHS = "$(inherited) @executable_path/Frameworks";
				PRODUCT_BUNDLE_IDENTIFIER = com.firebase.FirebaseStringImagesTableView;
				PRODUCT_NAME = "$(TARGET_NAME)";
			};
			name = Release;
		};
/* End XCBuildConfiguration section */

/* Begin XCConfigurationList section */
		BBAFC7041C297BBC00C6C539 /* Build configuration list for PBXProject "FirebaseStringImagesTableView" */ = {
			isa = XCConfigurationList;
			buildConfigurations = (
				BBAFC7191C297BBC00C6C539 /* Debug */,
				BBAFC71A1C297BBC00C6C539 /* Release */,
			);
			defaultConfigurationIsVisible = 0;
			defaultConfigurationName = Release;
		};
		BBAFC71B1C297BBC00C6C539 /* Build configuration list for PBXNativeTarget "FirebaseStringImagesTableView" */ = {
			isa = XCConfigurationList;
			buildConfigurations = (
				BBAFC71C1C297BBC00C6C539 /* Debug */,
				BBAFC71D1C297BBC00C6C539 /* Release */,
			);
			defaultConfigurationIsVisible = 0;
			defaultConfigurationName = Release;
		};
/* End XCConfigurationList section */
	};
	rootObject = BBAFC7011C297BBC00C6C539 /* Project object */;
}
